{
  "meteor": {},
  "dependencies": {
    "basePackages": {
      "form2js-jquery": {},
      "accounting": {},
      "fastclick": {},
      "packery": {},
      "auto-nprogress": {
        "git": "https://github.com/dburles/meteor-auto-nprogress.git",
        "branch": "patch-1"
      },
      "fast-render": {},
      "font-awesome-4": {},
      "factory": {},
      "fake": {},
      "collection-hooks": {}
    },
    "packages": {
      "form2js-jquery": {
        "git": "https://github.com/nate-strauser/meteor-form2js-jquery.git",
        "tag": "v0.1.2",
        "commit": "30b7d927feb6ef562ff5a980b7ecd72d46820b87"
      },
      "accounting": {
        "git": "https://github.com/IainShigeoka/meteor-accounting.git",
        "tag": "v0.3.2.3",
        "commit": "330cf532e6ac7282cf85ef3b83a54c1a25f5bdae"
      },
      "fastclick": {
        "git": "https://github.com/percolatestudio/meteor-fastclick",
        "tag": "v0.6.7",
        "commit": "fcb3bfd34d9f6874e626b4e24e8f54107938db41"
      },
      "packery": {
        "git": "https://github.com/dburles/meteor-packery.git",
        "tag": "v0.1.0",
        "commit": "8e327fc10c5cbb0120b0df08677d8ca42f8cfbc7"
      },
      "auto-nprogress": {
        "git": "https://github.com/dburles/meteor-auto-nprogress.git",
        "branch": "patch-1",
        "commit": "9d5c627236a640c4a01aee6d0674554b7ee7758f"
      },
      "fast-render": {
        "git": "https://github.com/arunoda/meteor-fast-render.git",
        "tag": "v0.1.12",
        "commit": "b190f1592401f4084ce54b8f713b134e35a4e0db"
      },
      "font-awesome-4": {
        "git": "https://github.com/michaelbishop/meteor-font-awesome-4.git",
        "tag": "v4.0.0",
        "commit": "c28b5a0f2a2bd233c495642b40a167eda95172f5"
      },
      "factory": {
        "git": "https://github.com/percolatestudio/meteor-factory.git",
        "tag": "v0.2.2",
        "commit": "3da490ce34255c33a6634a5d96af223317621ff2"
      },
      "fake": {
        "git": "https://github.com/subhog/meteor-fake.git",
        "tag": "v0.3.4",
        "commit": "e5393ddad6fbee5638e5c430666693828b403abc"
      },
      "collection-hooks": {
        "git": "https://github.com/matb33/meteor-collection-hooks.git",
        "tag": "v0.6.2",
        "commit": "29484b2110206be93b01c6d11ce06ec9208de7bd"
      },
      "nprogress": {
        "git": "https://github.com/zhouzhuojie/meteor-nprogress.git",
        "tag": "v0.0.3",
        "commit": "ffd1c5dd400af64121197f4e637a215c4b6b1fc7"
      }
    }
  }
}
