{
  "meteor": {},
  "dependencies": {
    "basePackages": {
      "accounts-ui-bootstrap-dropdown": {
        "version": "0.6.5.1"
      },
      "form2js-jquery": {
        "version": "0.1.2"
      },
      "accounting": {
        "version": "0.3.2.3"
      },
      "fastclick": {
        "version": "0.6.7"
      },
      "packery": {
        "version": "0.1.0"
      },
      "iron-router": {
        "version": "0.6.1"
      }
    },
    "packages": {
      "accounts-ui-bootstrap-dropdown": {
        "git": "https://github.com/erobit/meteor-accounts-ui-bootstrap-dropdown.git",
        "tag": "v0.6.5.1",
        "commit": "c8b29d2e7f8611d6dec9d6d23c1c2b94e000b0fb"
      },
      "form2js-jquery": {
        "git": "https://github.com/nate-strauser/meteor-form2js-jquery.git",
        "tag": "v0.1.2",
        "commit": "30b7d927feb6ef562ff5a980b7ecd72d46820b87"
      },
      "accounting": {
        "git": "https://github.com/IainShigeoka/meteor-accounting.git",
        "tag": "v0.3.2.3",
        "commit": "330cf532e6ac7282cf85ef3b83a54c1a25f5bdae"
      },
      "fastclick": {
        "git": "https://github.com/percolatestudio/meteor-fastclick",
        "tag": "v0.6.7",
        "commit": "fcb3bfd34d9f6874e626b4e24e8f54107938db41"
      },
      "packery": {
        "git": "https://github.com/dburles/meteor-packery.git",
        "tag": "v0.1.0",
        "commit": "8e327fc10c5cbb0120b0df08677d8ca42f8cfbc7"
      },
      "iron-router": {
        "git": "https://github.com/EventedMind/iron-router.git",
        "tag": "v0.6.1",
        "commit": "4e1ee0581d68bff422a915dacb0bd30eae10fe08"
      }
    }
  }
}
